
Microsoft Visual Studio Solution File, Format Version 12.00
# Visual Studio 15
VisualStudioVersion = 15.0.27703.2042
MinimumVisualStudioVersion = 10.0.40219.1
Project("{FAE04EC0-301F-11D3-BF4B-00C04F79EFBC}") = "CG 6-1 Full Name", "CG 6-1 Full Name\CG 6-1 Full Name.csproj", "{30FC8DBE-40DC-4131-8B29-B0A85CB2C5AB}"
EndProject
Global
	GlobalSection(SolutionConfigurationPlatforms) = preSolution
		Debug|Any CPU = Debug|Any CPU
		Release|Any CPU = Release|Any CPU
	EndGlobalSection
	GlobalSection(ProjectConfigurationPlatforms) = postSolution
		{30FC8DBE-40DC-4131-8B29-B0A85CB2C5AB}.Debug|Any CPU.ActiveCfg = Debug|Any CPU
		{30FC8DBE-40DC-4131-8B29-B0A85CB2C5AB}.Debug|Any CPU.Build.0 = Debug|Any CPU
		{30FC8DBE-40DC-4131-8B29-B0A85CB2C5AB}.Release|Any CPU.ActiveCfg = Release|Any CPU
		{30FC8DBE-40DC-4131-8B29-B0A85CB2C5AB}.Release|Any CPU.Build.0 = Release|Any CPU
	EndGlobalSection
	GlobalSection(SolutionProperties) = preSolution
		HideSolutionNode = FALSE
	EndGlobalSection
	GlobalSection(ExtensibilityGlobals) = postSolution
		SolutionGuid = {AC134B71-CEB1-4101-8638-425627005A3D}
	EndGlobalSection
EndGlobal
